PODS:
  - AFNetworking (2.2.2):
    - AFNetworking/NSURLConnection
    - AFNetworking/NSURLSession
    - AFNetworking/Reachability
    - AFNetworking/Security
    - AFNetworking/Serialization
    - AFNetworking/UIKit
    - SingleTrack
  - AFNetworking/NSURLConnection (2.2.2):
    - AFNetworking/Reachability
    - AFNetworking/Security
    - AFNetworking/Serialization
    - SingleTrack
  - AFNetworking/NSURLSession (2.2.2):
    - AFNetworking/NSURLConnection
    - SingleTrack
  - AFNetworking/Reachability (2.2.2):
    - SingleTrack
  - AFNetworking/Security (2.2.2):
    - SingleTrack
  - AFNetworking/Serialization (2.2.2):
    - SingleTrack
  - AFNetworking/UIKit (2.2.2):
    - AFNetworking/NSURLConnection
    - AFNetworking/NSURLSession
    - SingleTrack
  - AFSpecWorking (0.1)
  - Cedar (0.9.5)
  - MBProgressHUD (0.8)
  - PivotalCoreKit (0.1.0):
    - PivotalCoreKit/Core
  - PivotalCoreKit/Core (0.1.0):
    - PivotalCoreKit/Foundation/Core
    - PivotalCoreKit/UIKit/Core
  - PivotalCoreKit/Foundation/Core (0.1.0)
  - PivotalCoreKit/UIKit/Core (0.1.0)
  - PivotalCoreKit/UIKit/SpecHelper (0.1.0):
    - PivotalCoreKit/UIKit/SpecHelper/Extensions
    - PivotalCoreKit/UIKit/SpecHelper/Matchers
    - PivotalCoreKit/UIKit/SpecHelper/Stubs
  - PivotalCoreKit/UIKit/SpecHelper/Extensions (0.1.0)
  - PivotalCoreKit/UIKit/SpecHelper/Matchers (0.1.0)
  - PivotalCoreKit/UIKit/SpecHelper/Stubs (0.1.0)
  - SingleTrack (0.1):
    - SingleTrack/Lib
  - SingleTrack/Lib (0.1)
  - SingleTrack/SpecHelpers (0.1):
    - SingleTrack/Lib

DEPENDENCIES:
  - AFNetworking
  - AFNetworking (from `https://github.com/orchardpie/AFNetworking`)
  - AFSpecWorking (from `https://github.com/orchardpie/AFSpecWorking`)
  - Cedar
  - MBProgressHUD
  - PivotalCoreKit (from `https://github.com/pivotal/PivotalCoreKit`)
  - PivotalCoreKit/UIKit/SpecHelper (from `https://github.com/pivotal/PivotalCoreKit`)
  - SingleTrack (from `https://github.com/orchardadam/SingleTrack`)
  - SingleTrack/SpecHelpers (from `https://github.com/orchardadam/SingleTrack`)

EXTERNAL SOURCES:
  AFNetworking:
    :git: https://github.com/orchardpie/AFNetworking
  AFSpecWorking:
    :git: https://github.com/orchardpie/AFSpecWorking
  PivotalCoreKit:
    :git: https://github.com/pivotal/PivotalCoreKit
  SingleTrack:
    :git: https://github.com/orchardadam/SingleTrack

SPEC CHECKSUMS:
  AFNetworking: e30cb25377301d0e6b93c3068c2d5634a522adff
  AFSpecWorking: 1621cdb20a0e40a4e3c906d2f12241bae2261362
  Cedar: 16cbb75084031aa41304cdeb0d0c8319c1af1cae
  MBProgressHUD: 2bbc6f470111daf7f3eaa4eb12b8cbf01c4c0622
  PivotalCoreKit: 2bd87d30a7dd44fa69c67001b4020ef919066bdd
  SingleTrack: 1b4c91902dcdbe99b0eab2f273d5af7356491a84

COCOAPODS: 0.32.0
