PODS:
  - AFNetworking (2.2.2):
    - AFNetworking/NSURLConnection
    - AFNetworking/NSURLSession
    - AFNetworking/Reachability
    - AFNetworking/Security
    - AFNetworking/Serialization
    - AFNetworking/UIKit
    - SingleTrack
  - AFNetworking/NSURLConnection (2.2.2):
    - AFNetworking/Reachability
    - AFNetworking/Security
    - AFNetworking/Serialization
    - SingleTrack
  - AFNetworking/NSURLSession (2.2.2):
    - AFNetworking/NSURLConnection
    - SingleTrack
  - AFNetworking/Reachability (2.2.2):
    - SingleTrack
  - AFNetworking/Security (2.2.2):
    - SingleTrack
  - AFNetworking/Serialization (2.2.2):
    - SingleTrack
  - AFNetworking/UIKit (2.2.2):
    - AFNetworking/NSURLConnection
    - AFNetworking/NSURLSession
    - SingleTrack
  - AFSpecWorking (0.1)
  - Cedar (0.9.6)
  - MBProgressHUD (0.8)
  - NSDate-Time-Ago (1.0)
  - PivotalCoreKit (0.0.3):
    - PivotalCoreKit/Core
  - PivotalCoreKit/Core (0.0.3):
    - PivotalCoreKit/Foundation/Core
    - PivotalCoreKit/UIKit/Core
  - PivotalCoreKit/Foundation/Core (0.0.3)
  - PivotalCoreKit/UIKit/Core (0.0.3)
  - PivotalCoreKit/UIKit/SpecHelper (0.0.3):
    - PivotalCoreKit/UIKit/SpecHelper/Extensions
    - PivotalCoreKit/UIKit/SpecHelper/Matchers
    - PivotalCoreKit/UIKit/SpecHelper/Stubs
  - PivotalCoreKit/UIKit/SpecHelper/Extensions (0.0.3)
  - PivotalCoreKit/UIKit/SpecHelper/Matchers (0.0.3)
  - PivotalCoreKit/UIKit/SpecHelper/Stubs (0.0.3)
  - SingleTrack (0.1):
    - SingleTrack/Lib
  - SingleTrack/Lib (0.1)
  - SingleTrack/SpecHelpers (0.1):
    - SingleTrack/Lib

DEPENDENCIES:
  - AFNetworking (from `https://github.com/orchardpie/AFNetworking`)
  - AFSpecWorking (from `https://github.com/orchardpie/AFSpecWorking`)
  - Cedar (from `https://github.com/orchardpie/Cedar`)
  - MBProgressHUD
  - NSDate-Time-Ago
  - PivotalCoreKit (from `https://github.com/pivotal/PivotalCoreKit`, commit `v0.0.3`)
  - PivotalCoreKit/UIKit/SpecHelper (from `https://github.com/pivotal/PivotalCoreKit`, commit `v0.0.3`)
  - SingleTrack (from `https://github.com/orchardadam/SingleTrack`)
  - SingleTrack/SpecHelpers (from `https://github.com/orchardadam/SingleTrack`)

EXTERNAL SOURCES:
  AFNetworking:
    :git: https://github.com/orchardpie/AFNetworking
  AFSpecWorking:
    :git: https://github.com/orchardpie/AFSpecWorking
  Cedar:
    :git: https://github.com/orchardpie/Cedar
  PivotalCoreKit:
    :commit: v0.0.3
    :git: https://github.com/pivotal/PivotalCoreKit
  SingleTrack:
    :git: https://github.com/orchardadam/SingleTrack

SPEC CHECKSUMS:
  AFNetworking: e30cb25377301d0e6b93c3068c2d5634a522adff
  AFSpecWorking: 1621cdb20a0e40a4e3c906d2f12241bae2261362
  Cedar: 0a470fd062666218c3ac1a38503584d1e9a68b88
  MBProgressHUD: 2bbc6f470111daf7f3eaa4eb12b8cbf01c4c0622
  NSDate-Time-Ago: 5f2986ab55db3c0dcde39c4da8aed914633580e4
  PivotalCoreKit: 25f9a17b5b5c3e8747bf3e131fb14cbad242a3aa
  SingleTrack: ae50da8841caf2af171886434012005177e4804b

COCOAPODS: 0.32.1
