// !$*UTF8*$!
{
	archiveVersion = 1;
	classes = {
	};
	objectVersion = 46;
	objects = {

/* Begin PBXBuildFile section */
		37BF1D33449848248ED18F5A /* libPods-Specs.a in Frameworks */ = {isa = PBXBuildFile; fileRef = EDB2B8124CED4AE5BBA64592 /* libPods-Specs.a */; };
		3D6ED7EA38B84B2EA298F639 /* libPods-UISpecs.a in Frameworks */ = {isa = PBXBuildFile; fileRef = EE6EF1B34226470BA38C8DDB /* libPods-UISpecs.a */; };
		413BF9BC340D42EF8DEDCD3C /* libPods.a in Frameworks */ = {isa = PBXBuildFile; fileRef = BAACC3D3F5964434A7BDB770 /* libPods.a */; };
		4506777A19119BC100059926 /* NCAnalytics.m in Sources */ = {isa = PBXBuildFile; fileRef = 4506777919119BC100059926 /* NCAnalytics.m */; };
		4506778319119EF300059926 /* NCAnalytics.m in Sources */ = {isa = PBXBuildFile; fileRef = 4506778219119EF300059926 /* NCAnalytics.m */; };
		4506778419119EF300059926 /* NCAnalytics.m in Sources */ = {isa = PBXBuildFile; fileRef = 4506778219119EF300059926 /* NCAnalytics.m */; };
		450EB97B18F8833600E188DF /* NCMessagesTableViewControllerSpec.mm in Sources */ = {isa = PBXBuildFile; fileRef = 450EB97A18F8833600E188DF /* NCMessagesTableViewControllerSpec.mm */; };
		450EB97F18F888A200E188DF /* NCComposeMessageViewController.m in Sources */ = {isa = PBXBuildFile; fileRef = 450EB97D18F888A200E188DF /* NCComposeMessageViewController.m */; };
		450EB98018F888A200E188DF /* NCComposeMessageViewController.xib in Resources */ = {isa = PBXBuildFile; fileRef = 450EB97E18F888A200E188DF /* NCComposeMessageViewController.xib */; };
		450EB98118F888A800E188DF /* NCComposeMessageViewController.m in Sources */ = {isa = PBXBuildFile; fileRef = 450EB97D18F888A200E188DF /* NCComposeMessageViewController.m */; };
		450EB98318FC216000E188DF /* NCComposeMessageViewControllerSpec.mm in Sources */ = {isa = PBXBuildFile; fileRef = 450EB98218FC216000E188DF /* NCComposeMessageViewControllerSpec.mm */; };
		450EB98418FC282C00E188DF /* NCComposeMessageViewController.xib in Resources */ = {isa = PBXBuildFile; fileRef = 450EB97E18F888A200E188DF /* NCComposeMessageViewController.xib */; };
		450EB98718FC408B00E188DF /* NCWebService+Spec.m in Sources */ = {isa = PBXBuildFile; fileRef = 450EB98618FC408B00E188DF /* NCWebService+Spec.m */; };
		4510F0CD19104AFC00F8828D /* NCNoDataViewController.m in Sources */ = {isa = PBXBuildFile; fileRef = 4510F0CC19104AFC00F8828D /* NCNoDataViewController.m */; };
		4510F0CE19104AFC00F8828D /* NCNoDataViewController.m in Sources */ = {isa = PBXBuildFile; fileRef = 4510F0CC19104AFC00F8828D /* NCNoDataViewController.m */; };
		4510F0D019104BA000F8828D /* NCNoDataViewController.xib in Resources */ = {isa = PBXBuildFile; fileRef = 4510F0CF19104BA000F8828D /* NCNoDataViewController.xib */; };
		4510F0D119104BA000F8828D /* NCNoDataViewController.xib in Resources */ = {isa = PBXBuildFile; fileRef = 4510F0CF19104BA000F8828D /* NCNoDataViewController.xib */; };
		4510F0D51910530D00F8828D /* NCNoDataViewControllerSpec.mm in Sources */ = {isa = PBXBuildFile; fileRef = 4510F0D41910530D00F8828D /* NCNoDataViewControllerSpec.mm */; };
		4546EEE4190865A3000C6A2C /* NCMessagesCollection.m in Sources */ = {isa = PBXBuildFile; fileRef = 45D7519C190816B800D3D763 /* NCMessagesCollection.m */; };
		4549879D18DA3DC300CFC545 /* Foundation.framework in Frameworks */ = {isa = PBXBuildFile; fileRef = 4549879C18DA3DC300CFC545 /* Foundation.framework */; };
		4549879F18DA3DC300CFC545 /* CoreGraphics.framework in Frameworks */ = {isa = PBXBuildFile; fileRef = 4549879E18DA3DC300CFC545 /* CoreGraphics.framework */; };
		454987A118DA3DC300CFC545 /* UIKit.framework in Frameworks */ = {isa = PBXBuildFile; fileRef = 454987A018DA3DC300CFC545 /* UIKit.framework */; };
		454987A718DA3DC300CFC545 /* InfoPlist.strings in Resources */ = {isa = PBXBuildFile; fileRef = 454987A518DA3DC300CFC545 /* InfoPlist.strings */; };
		454987A918DA3DC300CFC545 /* main.m in Sources */ = {isa = PBXBuildFile; fileRef = 454987A818DA3DC300CFC545 /* main.m */; };
		454987AD18DA3DC300CFC545 /* NCAppDelegate.m in Sources */ = {isa = PBXBuildFile; fileRef = 454987AC18DA3DC300CFC545 /* NCAppDelegate.m */; };
		454987AF18DA3DC300CFC545 /* Images.xcassets in Resources */ = {isa = PBXBuildFile; fileRef = 454987AE18DA3DC300CFC545 /* Images.xcassets */; };
		454987D018DB2B9100CFC545 /* NCMessagesTableViewController.m in Sources */ = {isa = PBXBuildFile; fileRef = 454987CE18DB2B9100CFC545 /* NCMessagesTableViewController.m */; };
		454987D118DB2B9100CFC545 /* NCMessagesTableViewController.xib in Resources */ = {isa = PBXBuildFile; fileRef = 454987CF18DB2B9100CFC545 /* NCMessagesTableViewController.xib */; };
		4558D19218EB64670043418E /* NCMessage.m in Sources */ = {isa = PBXBuildFile; fileRef = 4558D19118EB64670043418E /* NCMessage.m */; };
		4558D19318EB64800043418E /* NCMessage.m in Sources */ = {isa = PBXBuildFile; fileRef = 4558D19118EB64670043418E /* NCMessage.m */; };
		4558D19518EB655B0043418E /* NCMessageSpec.mm in Sources */ = {isa = PBXBuildFile; fileRef = 4558D19418EB655B0043418E /* NCMessageSpec.mm */; };
		4558D19618EC570C0043418E /* NCMessage.m in Sources */ = {isa = PBXBuildFile; fileRef = 4558D19118EB64670043418E /* NCMessage.m */; };
		4558D19A18EC99D30043418E /* MBProgressHUD+Spec.m in Sources */ = {isa = PBXBuildFile; fileRef = 4558D19918EC99D30043418E /* MBProgressHUD+Spec.m */; };
		4558D19C18ECA42C0043418E /* Default-568h@2x.png in Resources */ = {isa = PBXBuildFile; fileRef = 4558D19B18ECA42C0043418E /* Default-568h@2x.png */; };
		4558D19F18ECB3B70043418E /* UIAlertView+Spec.m in Sources */ = {isa = PBXBuildFile; fileRef = 4558D19E18ECB3B70043418E /* UIAlertView+Spec.m */; };
		45AB9F7518E0776400F7CA64 /* NCAppDelegateSpec.mm in Sources */ = {isa = PBXBuildFile; fileRef = 45AB9F7418E0776400F7CA64 /* NCAppDelegateSpec.mm */; };
		45AB9F7618E079D300F7CA64 /* NCAppDelegate.m in Sources */ = {isa = PBXBuildFile; fileRef = 454987AC18DA3DC300CFC545 /* NCAppDelegate.m */; };
		45AB9F7718E07B4300F7CA64 /* NCMessagesTableViewController.m in Sources */ = {isa = PBXBuildFile; fileRef = 454987CE18DB2B9100CFC545 /* NCMessagesTableViewController.m */; };
		45AB9F7C18E08A1E00F7CA64 /* NCCurrentUser.m in Sources */ = {isa = PBXBuildFile; fileRef = 45AB9F7B18E08A1E00F7CA64 /* NCCurrentUser.m */; };
		45AB9F7D18E08A1E00F7CA64 /* NCCurrentUser.m in Sources */ = {isa = PBXBuildFile; fileRef = 45AB9F7B18E08A1E00F7CA64 /* NCCurrentUser.m */; };
		45AB9F7F18E08A4E00F7CA64 /* NCCurrentUserSpec.mm in Sources */ = {isa = PBXBuildFile; fileRef = 45AB9F7E18E08A4E00F7CA64 /* NCCurrentUserSpec.mm */; };
		45AB9F8918E0BB3B00F7CA64 /* NCWebService.m in Sources */ = {isa = PBXBuildFile; fileRef = 45AB9F8818E0BB3B00F7CA64 /* NCWebService.m */; };
		45AB9F8A18E0BB3B00F7CA64 /* NCWebService.m in Sources */ = {isa = PBXBuildFile; fileRef = 45AB9F8818E0BB3B00F7CA64 /* NCWebService.m */; };
		45AB9F8D18E0BB9600F7CA64 /* NCWebServiceSpec.mm in Sources */ = {isa = PBXBuildFile; fileRef = 45AB9F8C18E0BB9600F7CA64 /* NCWebServiceSpec.mm */; };
		45AB9F9018E0D27400F7CA64 /* NoChat.m in Sources */ = {isa = PBXBuildFile; fileRef = 45AB9F8F18E0D27400F7CA64 /* NoChat.m */; };
		45AB9F9118E0D54400F7CA64 /* NoChat.m in Sources */ = {isa = PBXBuildFile; fileRef = 45AB9F8F18E0D27400F7CA64 /* NoChat.m */; };
		45AB9F9318E0D62300F7CA64 /* NoChatSpec.mm in Sources */ = {isa = PBXBuildFile; fileRef = 45AB9F9218E0D62300F7CA64 /* NoChatSpec.mm */; };
		45AB9F9418E0D83F00F7CA64 /* NoChat.m in Sources */ = {isa = PBXBuildFile; fileRef = 45AB9F8F18E0D27400F7CA64 /* NoChat.m */; };
		45AB9F9718E0E2D800F7CA64 /* NCWebService.m in Sources */ = {isa = PBXBuildFile; fileRef = 45AB9F8818E0BB3B00F7CA64 /* NCWebService.m */; };
		45AB9F9B18E1DC5100F7CA64 /* NCLoginViewController.m in Sources */ = {isa = PBXBuildFile; fileRef = 45AB9F9918E1DC5100F7CA64 /* NCLoginViewController.m */; };
		45AB9F9C18E1DC5100F7CA64 /* NCLoginViewController.xib in Resources */ = {isa = PBXBuildFile; fileRef = 45AB9F9A18E1DC5100F7CA64 /* NCLoginViewController.xib */; };
		45AB9F9D18E1DC5800F7CA64 /* NCLoginViewController.xib in Resources */ = {isa = PBXBuildFile; fileRef = 45AB9F9A18E1DC5100F7CA64 /* NCLoginViewController.xib */; };
		45AB9FA118E1E0C300F7CA64 /* NCLoginViewControllerSpec.mm in Sources */ = {isa = PBXBuildFile; fileRef = 45AB9FA018E1E0C300F7CA64 /* NCLoginViewControllerSpec.mm */; };
		45AB9FA218E1E11800F7CA64 /* NCLoginViewController.m in Sources */ = {isa = PBXBuildFile; fileRef = 45AB9F9918E1DC5100F7CA64 /* NCLoginViewController.m */; };
		45AB9FA318E32A5900F7CA64 /* NCCurrentUser.m in Sources */ = {isa = PBXBuildFile; fileRef = 45AB9F7B18E08A1E00F7CA64 /* NCCurrentUser.m */; };
		45AB9FA518E4756E00F7CA64 /* NCSpecHelper.mm in Sources */ = {isa = PBXBuildFile; fileRef = 45AB9FA418E4756E00F7CA64 /* NCSpecHelper.mm */; };
		45B1077D18F34ED700FA7428 /* NCSignupViewController.m in Sources */ = {isa = PBXBuildFile; fileRef = 45B1077B18F34ED700FA7428 /* NCSignupViewController.m */; };
		45B1077E18F34ED700FA7428 /* NCSignupViewController.m in Sources */ = {isa = PBXBuildFile; fileRef = 45B1077B18F34ED700FA7428 /* NCSignupViewController.m */; };
		45B1077F18F34ED700FA7428 /* NCSignupViewController.xib in Resources */ = {isa = PBXBuildFile; fileRef = 45B1077C18F34ED700FA7428 /* NCSignupViewController.xib */; };
		45B1078018F34ED700FA7428 /* NCSignupViewController.xib in Resources */ = {isa = PBXBuildFile; fileRef = 45B1077C18F34ED700FA7428 /* NCSignupViewController.xib */; };
		45B1078218F34EFE00FA7428 /* NCSignupViewControllerSpec.mm in Sources */ = {isa = PBXBuildFile; fileRef = 45B1078118F34EFE00FA7428 /* NCSignupViewControllerSpec.mm */; };
		45D751811901D1F900D3D763 /* NCSpecHelper.mm in Sources */ = {isa = PBXBuildFile; fileRef = 45AB9FA418E4756E00F7CA64 /* NCSpecHelper.mm */; };
		45D751841901D44C00D3D763 /* NoChat+Spec.m in Sources */ = {isa = PBXBuildFile; fileRef = 45D751831901D44C00D3D763 /* NoChat+Spec.m */; };
		45D751851901D68500D3D763 /* NoChatSpec.mm in Sources */ = {isa = PBXBuildFile; fileRef = 45CD5B0418FDC495000A8CA0 /* NoChatSpec.mm */; };
		45D751881901D87700D3D763 /* NoChat+App.m in Sources */ = {isa = PBXBuildFile; fileRef = 45D751871901D87700D3D763 /* NoChat+App.m */; };
		45D7518C19059D8600D3D763 /* NoChat+Spec.m in Sources */ = {isa = PBXBuildFile; fileRef = 45D751831901D44C00D3D763 /* NoChat+Spec.m */; };
		45D751911907112400D3D763 /* NCMessageTableViewCell.m in Sources */ = {isa = PBXBuildFile; fileRef = 45D7518F1907112400D3D763 /* NCMessageTableViewCell.m */; };
		45D751921907112400D3D763 /* NCMessageTableViewCell.m in Sources */ = {isa = PBXBuildFile; fileRef = 45D7518F1907112400D3D763 /* NCMessageTableViewCell.m */; };
		45D751931907112400D3D763 /* NCMessageTableViewCell.xib in Resources */ = {isa = PBXBuildFile; fileRef = 45D751901907112400D3D763 /* NCMessageTableViewCell.xib */; };
		45D751941907112400D3D763 /* NCMessageTableViewCell.xib in Resources */ = {isa = PBXBuildFile; fileRef = 45D751901907112400D3D763 /* NCMessageTableViewCell.xib */; };
		45D7519A190715DA00D3D763 /* NCMessageTableViewCellSpec.mm in Sources */ = {isa = PBXBuildFile; fileRef = 45D75199190715DA00D3D763 /* NCMessageTableViewCellSpec.mm */; };
		45D7519D190816B800D3D763 /* NCMessagesCollection.m in Sources */ = {isa = PBXBuildFile; fileRef = 45D7519C190816B800D3D763 /* NCMessagesCollection.m */; };
		45D7519E190816B800D3D763 /* NCMessagesCollection.m in Sources */ = {isa = PBXBuildFile; fileRef = 45D7519C190816B800D3D763 /* NCMessagesCollection.m */; };
		45D751A0190816DE00D3D763 /* NCMessagesCollectionSpec.mm in Sources */ = {isa = PBXBuildFile; fileRef = 45D7519F190816DE00D3D763 /* NCMessagesCollectionSpec.mm */; };
		45EB035118DCED2B0012A621 /* UIKit.framework in Frameworks */ = {isa = PBXBuildFile; fileRef = 454987A018DA3DC300CFC545 /* UIKit.framework */; };
		45EB035218DCED2B0012A621 /* Foundation.framework in Frameworks */ = {isa = PBXBuildFile; fileRef = 4549879C18DA3DC300CFC545 /* Foundation.framework */; };
		45EB035318DCED2B0012A621 /* CoreGraphics.framework in Frameworks */ = {isa = PBXBuildFile; fileRef = 4549879E18DA3DC300CFC545 /* CoreGraphics.framework */; };
		45EB035918DCED2B0012A621 /* InfoPlist.strings in Resources */ = {isa = PBXBuildFile; fileRef = 45EB035718DCED2B0012A621 /* InfoPlist.strings */; };
		45EB035B18DCED2B0012A621 /* main.m in Sources */ = {isa = PBXBuildFile; fileRef = 45EB035A18DCED2B0012A621 /* main.m */; };
		45F1387D18DB3B6300D09454 /* Foundation.framework in Frameworks */ = {isa = PBXBuildFile; fileRef = 4549879C18DA3DC300CFC545 /* Foundation.framework */; };
		45F1388418DB3B6300D09454 /* main.m in Sources */ = {isa = PBXBuildFile; fileRef = 45F1388318DB3B6300D09454 /* main.m */; };
/* End PBXBuildFile section */

/* Begin PBXFileReference section */
		251904D607D44566942FBE20 /* Pods.xcconfig */ = {isa = PBXFileReference; includeInIndex = 1; lastKnownFileType = text.xcconfig; name = Pods.xcconfig; path = Pods/Pods.xcconfig; sourceTree = "<group>"; };
		426D41A41B3541E19DC67647 /* Pods-UISpecs.xcconfig */ = {isa = PBXFileReference; includeInIndex = 1; lastKnownFileType = text.xcconfig; name = "Pods-UISpecs.xcconfig"; path = "Pods/Pods-UISpecs.xcconfig"; sourceTree = "<group>"; };
		4506777819119BC100059926 /* NCAnalytics.h */ = {isa = PBXFileReference; fileEncoding = 4; lastKnownFileType = sourcecode.c.h; path = NCAnalytics.h; sourceTree = "<group>"; };
		4506777919119BC100059926 /* NCAnalytics.m */ = {isa = PBXFileReference; fileEncoding = 4; lastKnownFileType = sourcecode.c.objc; path = NCAnalytics.m; sourceTree = "<group>"; };
		4506778219119EF300059926 /* NCAnalytics.m */ = {isa = PBXFileReference; fileEncoding = 4; lastKnownFileType = sourcecode.c.objc; path = NCAnalytics.m; sourceTree = "<group>"; };
		450EB97A18F8833600E188DF /* NCMessagesTableViewControllerSpec.mm */ = {isa = PBXFileReference; fileEncoding = 4; lastKnownFileType = sourcecode.cpp.objcpp; path = NCMessagesTableViewControllerSpec.mm; sourceTree = "<group>"; };
		450EB97C18F888A200E188DF /* NCComposeMessageViewController.h */ = {isa = PBXFileReference; fileEncoding = 4; lastKnownFileType = sourcecode.c.h; path = NCComposeMessageViewController.h; sourceTree = "<group>"; };
		450EB97D18F888A200E188DF /* NCComposeMessageViewController.m */ = {isa = PBXFileReference; fileEncoding = 4; lastKnownFileType = sourcecode.c.objc; path = NCComposeMessageViewController.m; sourceTree = "<group>"; };
		450EB97E18F888A200E188DF /* NCComposeMessageViewController.xib */ = {isa = PBXFileReference; fileEncoding = 4; lastKnownFileType = file.xib; path = NCComposeMessageViewController.xib; sourceTree = "<group>"; };
		450EB98218FC216000E188DF /* NCComposeMessageViewControllerSpec.mm */ = {isa = PBXFileReference; fileEncoding = 4; lastKnownFileType = sourcecode.cpp.objcpp; path = NCComposeMessageViewControllerSpec.mm; sourceTree = "<group>"; };
		450EB98518FC408B00E188DF /* NCWebService+Spec.h */ = {isa = PBXFileReference; fileEncoding = 4; lastKnownFileType = sourcecode.c.h; path = "NCWebService+Spec.h"; sourceTree = "<group>"; };
		450EB98618FC408B00E188DF /* NCWebService+Spec.m */ = {isa = PBXFileReference; fileEncoding = 4; lastKnownFileType = sourcecode.c.objc; path = "NCWebService+Spec.m"; sourceTree = "<group>"; };
		4510F0CB19104AFC00F8828D /* NCNoDataViewController.h */ = {isa = PBXFileReference; fileEncoding = 4; lastKnownFileType = sourcecode.c.h; path = NCNoDataViewController.h; sourceTree = "<group>"; };
		4510F0CC19104AFC00F8828D /* NCNoDataViewController.m */ = {isa = PBXFileReference; fileEncoding = 4; lastKnownFileType = sourcecode.c.objc; path = NCNoDataViewController.m; sourceTree = "<group>"; };
		4510F0CF19104BA000F8828D /* NCNoDataViewController.xib */ = {isa = PBXFileReference; fileEncoding = 4; lastKnownFileType = file.xib; path = NCNoDataViewController.xib; sourceTree = "<group>"; };
		4510F0D41910530D00F8828D /* NCNoDataViewControllerSpec.mm */ = {isa = PBXFileReference; fileEncoding = 4; lastKnownFileType = sourcecode.cpp.objcpp; path = NCNoDataViewControllerSpec.mm; sourceTree = "<group>"; };
		4510F0D61911390200F8828D /* NCAuthenticatable.h */ = {isa = PBXFileReference; lastKnownFileType = sourcecode.c.h; path = NCAuthenticatable.h; sourceTree = "<group>"; };
		4546EEE319085A3B000C6A2C /* get_fetch_messages_response_200.json */ = {isa = PBXFileReference; fileEncoding = 4; lastKnownFileType = text.json; path = get_fetch_messages_response_200.json; sourceTree = "<group>"; };
		4549879918DA3DC300CFC545 /* NoChat.app */ = {isa = PBXFileReference; explicitFileType = wrapper.application; includeInIndex = 0; path = NoChat.app; sourceTree = BUILT_PRODUCTS_DIR; };
		4549879C18DA3DC300CFC545 /* Foundation.framework */ = {isa = PBXFileReference; lastKnownFileType = wrapper.framework; name = Foundation.framework; path = System/Library/Frameworks/Foundation.framework; sourceTree = SDKROOT; };
		4549879E18DA3DC300CFC545 /* CoreGraphics.framework */ = {isa = PBXFileReference; lastKnownFileType = wrapper.framework; name = CoreGraphics.framework; path = System/Library/Frameworks/CoreGraphics.framework; sourceTree = SDKROOT; };
		454987A018DA3DC300CFC545 /* UIKit.framework */ = {isa = PBXFileReference; lastKnownFileType = wrapper.framework; name = UIKit.framework; path = System/Library/Frameworks/UIKit.framework; sourceTree = SDKROOT; };
		454987A418DA3DC300CFC545 /* NoChat-Info.plist */ = {isa = PBXFileReference; lastKnownFileType = text.plist.xml; path = "NoChat-Info.plist"; sourceTree = "<group>"; };
		454987A618DA3DC300CFC545 /* en */ = {isa = PBXFileReference; lastKnownFileType = text.plist.strings; name = en; path = en.lproj/InfoPlist.strings; sourceTree = "<group>"; };
		454987A818DA3DC300CFC545 /* main.m */ = {isa = PBXFileReference; lastKnownFileType = sourcecode.c.objc; path = main.m; sourceTree = "<group>"; };
		454987AA18DA3DC300CFC545 /* NoChat-Prefix.pch */ = {isa = PBXFileReference; lastKnownFileType = sourcecode.c.h; path = "NoChat-Prefix.pch"; sourceTree = "<group>"; };
		454987AB18DA3DC300CFC545 /* NCAppDelegate.h */ = {isa = PBXFileReference; lastKnownFileType = sourcecode.c.h; path = NCAppDelegate.h; sourceTree = "<group>"; };
		454987AC18DA3DC300CFC545 /* NCAppDelegate.m */ = {isa = PBXFileReference; lastKnownFileType = sourcecode.c.objc; path = NCAppDelegate.m; sourceTree = "<group>"; };
		454987AE18DA3DC300CFC545 /* Images.xcassets */ = {isa = PBXFileReference; lastKnownFileType = folder.assetcatalog; path = Images.xcassets; sourceTree = "<group>"; };
		454987CD18DB2B9100CFC545 /* NCMessagesTableViewController.h */ = {isa = PBXFileReference; fileEncoding = 4; lastKnownFileType = sourcecode.c.h; path = NCMessagesTableViewController.h; sourceTree = "<group>"; };
		454987CE18DB2B9100CFC545 /* NCMessagesTableViewController.m */ = {isa = PBXFileReference; fileEncoding = 4; lastKnownFileType = sourcecode.c.objc; path = NCMessagesTableViewController.m; sourceTree = "<group>"; };
		454987CF18DB2B9100CFC545 /* NCMessagesTableViewController.xib */ = {isa = PBXFileReference; fileEncoding = 4; lastKnownFileType = file.xib; path = NCMessagesTableViewController.xib; sourceTree = "<group>"; };
		4558D19018EB64670043418E /* NCMessage.h */ = {isa = PBXFileReference; fileEncoding = 4; lastKnownFileType = sourcecode.c.h; path = NCMessage.h; sourceTree = "<group>"; };
		4558D19118EB64670043418E /* NCMessage.m */ = {isa = PBXFileReference; fileEncoding = 4; lastKnownFileType = sourcecode.c.objc; path = NCMessage.m; sourceTree = "<group>"; };
		4558D19418EB655B0043418E /* NCMessageSpec.mm */ = {isa = PBXFileReference; fileEncoding = 4; lastKnownFileType = sourcecode.cpp.objcpp; path = NCMessageSpec.mm; sourceTree = "<group>"; };
		4558D19818EC99D30043418E /* MBProgressHUD+Spec.h */ = {isa = PBXFileReference; fileEncoding = 4; lastKnownFileType = sourcecode.c.h; path = "MBProgressHUD+Spec.h"; sourceTree = "<group>"; };
		4558D19918EC99D30043418E /* MBProgressHUD+Spec.m */ = {isa = PBXFileReference; fileEncoding = 4; lastKnownFileType = sourcecode.c.objc; path = "MBProgressHUD+Spec.m"; sourceTree = "<group>"; };
		4558D19B18ECA42C0043418E /* Default-568h@2x.png */ = {isa = PBXFileReference; lastKnownFileType = image.png; path = "Default-568h@2x.png"; sourceTree = "<group>"; };
		4558D19D18ECB3B70043418E /* UIAlertView+Spec.h */ = {isa = PBXFileReference; fileEncoding = 4; lastKnownFileType = sourcecode.c.h; path = "UIAlertView+Spec.h"; sourceTree = "<group>"; };
		4558D19E18ECB3B70043418E /* UIAlertView+Spec.m */ = {isa = PBXFileReference; fileEncoding = 4; lastKnownFileType = sourcecode.c.objc; path = "UIAlertView+Spec.m"; sourceTree = "<group>"; };
		45AB9F7318DCEF6000F7CA64 /* Rakefile */ = {isa = PBXFileReference; lastKnownFileType = text; path = Rakefile; sourceTree = "<group>"; };
		45AB9F7418E0776400F7CA64 /* NCAppDelegateSpec.mm */ = {isa = PBXFileReference; fileEncoding = 4; lastKnownFileType = sourcecode.cpp.objcpp; path = NCAppDelegateSpec.mm; sourceTree = "<group>"; };
		45AB9F7A18E08A1E00F7CA64 /* NCCurrentUser.h */ = {isa = PBXFileReference; fileEncoding = 4; lastKnownFileType = sourcecode.c.h; lineEnding = 0; path = NCCurrentUser.h; sourceTree = "<group>"; xcLanguageSpecificationIdentifier = xcode.lang.objcpp; };
		45AB9F7B18E08A1E00F7CA64 /* NCCurrentUser.m */ = {isa = PBXFileReference; fileEncoding = 4; lastKnownFileType = sourcecode.c.objc; lineEnding = 0; path = NCCurrentUser.m; sourceTree = "<group>"; xcLanguageSpecificationIdentifier = xcode.lang.objc; };
		45AB9F7E18E08A4E00F7CA64 /* NCCurrentUserSpec.mm */ = {isa = PBXFileReference; fileEncoding = 4; lastKnownFileType = sourcecode.cpp.objcpp; lineEnding = 0; path = NCCurrentUserSpec.mm; sourceTree = "<group>"; xcLanguageSpecificationIdentifier = xcode.lang.objcpp; };
		45AB9F8718E0BB3B00F7CA64 /* NCWebService.h */ = {isa = PBXFileReference; fileEncoding = 4; lastKnownFileType = sourcecode.c.h; path = NCWebService.h; sourceTree = "<group>"; };
		45AB9F8818E0BB3B00F7CA64 /* NCWebService.m */ = {isa = PBXFileReference; fileEncoding = 4; lastKnownFileType = sourcecode.c.objc; path = NCWebService.m; sourceTree = "<group>"; };
		45AB9F8C18E0BB9600F7CA64 /* NCWebServiceSpec.mm */ = {isa = PBXFileReference; fileEncoding = 4; lastKnownFileType = sourcecode.cpp.objcpp; path = NCWebServiceSpec.mm; sourceTree = "<group>"; };
		45AB9F8E18E0D27400F7CA64 /* NoChat.h */ = {isa = PBXFileReference; fileEncoding = 4; lastKnownFileType = sourcecode.c.h; path = NoChat.h; sourceTree = "<group>"; };
		45AB9F8F18E0D27400F7CA64 /* NoChat.m */ = {isa = PBXFileReference; fileEncoding = 4; lastKnownFileType = sourcecode.c.objc; path = NoChat.m; sourceTree = "<group>"; };
		45AB9F9218E0D62300F7CA64 /* NoChatSpec.mm */ = {isa = PBXFileReference; fileEncoding = 4; lastKnownFileType = sourcecode.cpp.objcpp; path = NoChatSpec.mm; sourceTree = "<group>"; };
		45AB9F9618E0DC0E00F7CA64 /* get_fetch_user_response_200.json */ = {isa = PBXFileReference; fileEncoding = 4; lastKnownFileType = text.json; path = get_fetch_user_response_200.json; sourceTree = "<group>"; };
		45AB9F9818E1DC5100F7CA64 /* NCLoginViewController.h */ = {isa = PBXFileReference; fileEncoding = 4; lastKnownFileType = sourcecode.c.h; path = NCLoginViewController.h; sourceTree = "<group>"; };
		45AB9F9918E1DC5100F7CA64 /* NCLoginViewController.m */ = {isa = PBXFileReference; fileEncoding = 4; lastKnownFileType = sourcecode.c.objc; path = NCLoginViewController.m; sourceTree = "<group>"; };
		45AB9F9A18E1DC5100F7CA64 /* NCLoginViewController.xib */ = {isa = PBXFileReference; fileEncoding = 4; lastKnownFileType = file.xib; path = NCLoginViewController.xib; sourceTree = "<group>"; };
		45AB9FA018E1E0C300F7CA64 /* NCLoginViewControllerSpec.mm */ = {isa = PBXFileReference; fileEncoding = 4; lastKnownFileType = sourcecode.cpp.objcpp; path = NCLoginViewControllerSpec.mm; sourceTree = "<group>"; };
		45AB9FA418E4756E00F7CA64 /* NCSpecHelper.mm */ = {isa = PBXFileReference; fileEncoding = 4; lastKnownFileType = sourcecode.cpp.objcpp; path = NCSpecHelper.mm; sourceTree = "<group>"; };
		45B1077A18F34ED700FA7428 /* NCSignupViewController.h */ = {isa = PBXFileReference; fileEncoding = 4; lastKnownFileType = sourcecode.c.h; path = NCSignupViewController.h; sourceTree = "<group>"; };
		45B1077B18F34ED700FA7428 /* NCSignupViewController.m */ = {isa = PBXFileReference; fileEncoding = 4; lastKnownFileType = sourcecode.c.objc; path = NCSignupViewController.m; sourceTree = "<group>"; };
		45B1077C18F34ED700FA7428 /* NCSignupViewController.xib */ = {isa = PBXFileReference; fileEncoding = 4; lastKnownFileType = file.xib; path = NCSignupViewController.xib; sourceTree = "<group>"; };
		45B1078118F34EFE00FA7428 /* NCSignupViewControllerSpec.mm */ = {isa = PBXFileReference; fileEncoding = 4; lastKnownFileType = sourcecode.cpp.objcpp; path = NCSignupViewControllerSpec.mm; sourceTree = "<group>"; };
		45CD5B0418FDC495000A8CA0 /* NoChatSpec.mm */ = {isa = PBXFileReference; fileEncoding = 4; lastKnownFileType = sourcecode.cpp.objcpp; path = NoChatSpec.mm; sourceTree = "<group>"; };
		45D7517E1901C32400D3D763 /* NCSpecHelper.h */ = {isa = PBXFileReference; fileEncoding = 4; lastKnownFileType = sourcecode.c.h; path = NCSpecHelper.h; sourceTree = "<group>"; };
		45D751831901D44C00D3D763 /* NoChat+Spec.m */ = {isa = PBXFileReference; fileEncoding = 4; lastKnownFileType = sourcecode.c.objc; path = "NoChat+Spec.m"; sourceTree = "<group>"; };
		45D751861901D87700D3D763 /* NoChat+App.h */ = {isa = PBXFileReference; fileEncoding = 4; lastKnownFileType = sourcecode.c.h; path = "NoChat+App.h"; sourceTree = "<group>"; };
		45D751871901D87700D3D763 /* NoChat+App.m */ = {isa = PBXFileReference; fileEncoding = 4; lastKnownFileType = sourcecode.c.objc; path = "NoChat+App.m"; sourceTree = "<group>"; };
		45D7518E1907112400D3D763 /* NCMessageTableViewCell.h */ = {isa = PBXFileReference; fileEncoding = 4; lastKnownFileType = sourcecode.c.h; path = NCMessageTableViewCell.h; sourceTree = "<group>"; };
		45D7518F1907112400D3D763 /* NCMessageTableViewCell.m */ = {isa = PBXFileReference; fileEncoding = 4; lastKnownFileType = sourcecode.c.objc; path = NCMessageTableViewCell.m; sourceTree = "<group>"; };
		45D751901907112400D3D763 /* NCMessageTableViewCell.xib */ = {isa = PBXFileReference; fileEncoding = 4; lastKnownFileType = file.xib; path = NCMessageTableViewCell.xib; sourceTree = "<group>"; };
		45D75199190715DA00D3D763 /* NCMessageTableViewCellSpec.mm */ = {isa = PBXFileReference; fileEncoding = 4; lastKnownFileType = sourcecode.cpp.objcpp; path = NCMessageTableViewCellSpec.mm; sourceTree = "<group>"; };
		45D7519B190816B800D3D763 /* NCMessagesCollection.h */ = {isa = PBXFileReference; fileEncoding = 4; lastKnownFileType = sourcecode.c.h; path = NCMessagesCollection.h; sourceTree = "<group>"; };
		45D7519C190816B800D3D763 /* NCMessagesCollection.m */ = {isa = PBXFileReference; fileEncoding = 4; lastKnownFileType = sourcecode.c.objc; path = NCMessagesCollection.m; sourceTree = "<group>"; };
		45D7519F190816DE00D3D763 /* NCMessagesCollectionSpec.mm */ = {isa = PBXFileReference; fileEncoding = 4; lastKnownFileType = sourcecode.cpp.objcpp; path = NCMessagesCollectionSpec.mm; sourceTree = "<group>"; };
		45EB035018DCED2B0012A621 /* UISpecs.app */ = {isa = PBXFileReference; explicitFileType = wrapper.application; includeInIndex = 0; path = UISpecs.app; sourceTree = BUILT_PRODUCTS_DIR; };
		45EB035618DCED2B0012A621 /* UISpecs-Info.plist */ = {isa = PBXFileReference; lastKnownFileType = text.plist.xml; path = "UISpecs-Info.plist"; sourceTree = "<group>"; };
		45EB035818DCED2B0012A621 /* en */ = {isa = PBXFileReference; lastKnownFileType = text.plist.strings; name = en; path = en.lproj/InfoPlist.strings; sourceTree = "<group>"; };
		45EB035A18DCED2B0012A621 /* main.m */ = {isa = PBXFileReference; lastKnownFileType = sourcecode.c.objc; path = main.m; sourceTree = "<group>"; };
		45EB035C18DCED2B0012A621 /* UISpecs-Prefix.pch */ = {isa = PBXFileReference; lastKnownFileType = sourcecode.c.h; path = "UISpecs-Prefix.pch"; sourceTree = "<group>"; };
		45EB035E18DCED2B0012A621 /* Cedar-iOS.framework */ = {isa = PBXFileReference; lastKnownFileType = wrapper.framework; name = "Cedar-iOS.framework"; path = "Frameworks/Cedar-iOS.framework"; sourceTree = "<group>"; };
		45F1387C18DB3B6300D09454 /* Specs */ = {isa = PBXFileReference; explicitFileType = "compiled.mach-o.executable"; includeInIndex = 0; path = Specs; sourceTree = BUILT_PRODUCTS_DIR; };
		45F1388118DB3B6300D09454 /* Specs-Prefix.pch */ = {isa = PBXFileReference; lastKnownFileType = sourcecode.c.h; path = "Specs-Prefix.pch"; sourceTree = "<group>"; };
		45F1388318DB3B6300D09454 /* main.m */ = {isa = PBXFileReference; lastKnownFileType = sourcecode.c.objc; path = main.m; sourceTree = "<group>"; };
		BAACC3D3F5964434A7BDB770 /* libPods.a */ = {isa = PBXFileReference; explicitFileType = archive.ar; includeInIndex = 0; path = libPods.a; sourceTree = BUILT_PRODUCTS_DIR; };
		D3E210AA640F4DCC831758A6 /* Pods-Specs.xcconfig */ = {isa = PBXFileReference; includeInIndex = 1; lastKnownFileType = text.xcconfig; name = "Pods-Specs.xcconfig"; path = "Pods/Pods-Specs.xcconfig"; sourceTree = "<group>"; };
		EDB2B8124CED4AE5BBA64592 /* libPods-Specs.a */ = {isa = PBXFileReference; explicitFileType = archive.ar; includeInIndex = 0; path = "libPods-Specs.a"; sourceTree = BUILT_PRODUCTS_DIR; };
		EE6EF1B34226470BA38C8DDB /* libPods-UISpecs.a */ = {isa = PBXFileReference; explicitFileType = archive.ar; includeInIndex = 0; path = "libPods-UISpecs.a"; sourceTree = BUILT_PRODUCTS_DIR; };
/* End PBXFileReference section */

/* Begin PBXFrameworksBuildPhase section */
		4549879618DA3DC300CFC545 /* Frameworks */ = {
			isa = PBXFrameworksBuildPhase;
			buildActionMask = 2147483647;
			files = (
				4549879F18DA3DC300CFC545 /* CoreGraphics.framework in Frameworks */,
				454987A118DA3DC300CFC545 /* UIKit.framework in Frameworks */,
				4549879D18DA3DC300CFC545 /* Foundation.framework in Frameworks */,
				413BF9BC340D42EF8DEDCD3C /* libPods.a in Frameworks */,
			);
			runOnlyForDeploymentPostprocessing = 0;
		};
		45EB034D18DCED2B0012A621 /* Frameworks */ = {
			isa = PBXFrameworksBuildPhase;
			buildActionMask = 2147483647;
			files = (
				45EB035318DCED2B0012A621 /* CoreGraphics.framework in Frameworks */,
				45EB035118DCED2B0012A621 /* UIKit.framework in Frameworks */,
				45EB035218DCED2B0012A621 /* Foundation.framework in Frameworks */,
				3D6ED7EA38B84B2EA298F639 /* libPods-UISpecs.a in Frameworks */,
			);
			runOnlyForDeploymentPostprocessing = 0;
		};
		45F1387A18DB3B6300D09454 /* Frameworks */ = {
			isa = PBXFrameworksBuildPhase;
			buildActionMask = 2147483647;
			files = (
				45F1387D18DB3B6300D09454 /* Foundation.framework in Frameworks */,
				37BF1D33449848248ED18F5A /* libPods-Specs.a in Frameworks */,
			);
			runOnlyForDeploymentPostprocessing = 0;
		};
/* End PBXFrameworksBuildPhase section */

/* Begin PBXGroup section */
		4506777D19119D6300059926 /* Fakes */ = {
			isa = PBXGroup;
			children = (
				4506778219119EF300059926 /* NCAnalytics.m */,
			);
			path = Fakes;
			sourceTree = "<group>";
		};
		4549879018DA3DC300CFC545 = {
			isa = PBXGroup;
			children = (
				4558D19B18ECA42C0043418E /* Default-568h@2x.png */,
				45AB9F7318DCEF6000F7CA64 /* Rakefile */,
				454987A218DA3DC300CFC545 /* NoChat */,
				45F1387E18DB3B6300D09454 /* Specs */,
				45EB035418DCED2B0012A621 /* UISpecs */,
				4549879B18DA3DC300CFC545 /* Frameworks */,
				4549879A18DA3DC300CFC545 /* Products */,
				251904D607D44566942FBE20 /* Pods.xcconfig */,
				D3E210AA640F4DCC831758A6 /* Pods-Specs.xcconfig */,
				426D41A41B3541E19DC67647 /* Pods-UISpecs.xcconfig */,
			);
			sourceTree = "<group>";
		};
		4549879A18DA3DC300CFC545 /* Products */ = {
			isa = PBXGroup;
			children = (
				4549879918DA3DC300CFC545 /* NoChat.app */,
				45F1387C18DB3B6300D09454 /* Specs */,
				45EB035018DCED2B0012A621 /* UISpecs.app */,
			);
			name = Products;
			sourceTree = "<group>";
		};
		4549879B18DA3DC300CFC545 /* Frameworks */ = {
			isa = PBXGroup;
			children = (
				4549879C18DA3DC300CFC545 /* Foundation.framework */,
				4549879E18DA3DC300CFC545 /* CoreGraphics.framework */,
				454987A018DA3DC300CFC545 /* UIKit.framework */,
				BAACC3D3F5964434A7BDB770 /* libPods.a */,
				EDB2B8124CED4AE5BBA64592 /* libPods-Specs.a */,
				EE6EF1B34226470BA38C8DDB /* libPods-UISpecs.a */,
			);
			name = Frameworks;
			sourceTree = "<group>";
		};
		454987A218DA3DC300CFC545 /* NoChat */ = {
			isa = PBXGroup;
			children = (
				45AB9F7818E0893500F7CA64 /* Interfaces */,
				45AB9F7918E089CD00F7CA64 /* Models */,
				45D7518D190710DE00D3D763 /* Views */,
				454987CB18DA496400CFC545 /* ViewControllers */,
				454987AB18DA3DC300CFC545 /* NCAppDelegate.h */,
				454987AC18DA3DC300CFC545 /* NCAppDelegate.m */,
				45AB9F8E18E0D27400F7CA64 /* NoChat.h */,
				45AB9F8F18E0D27400F7CA64 /* NoChat.m */,
				454987AE18DA3DC300CFC545 /* Images.xcassets */,
				454987A318DA3DC300CFC545 /* Supporting Files */,
				45D751861901D87700D3D763 /* NoChat+App.h */,
				45D751871901D87700D3D763 /* NoChat+App.m */,
			);
			path = NoChat;
			sourceTree = "<group>";
		};
		454987A318DA3DC300CFC545 /* Supporting Files */ = {
			isa = PBXGroup;
			children = (
				454987A418DA3DC300CFC545 /* NoChat-Info.plist */,
				454987A518DA3DC300CFC545 /* InfoPlist.strings */,
				454987A818DA3DC300CFC545 /* main.m */,
				454987AA18DA3DC300CFC545 /* NoChat-Prefix.pch */,
			);
			name = "Supporting Files";
			sourceTree = "<group>";
		};
		454987CB18DA496400CFC545 /* ViewControllers */ = {
			isa = PBXGroup;
			children = (
				4510F0D61911390200F8828D /* NCAuthenticatable.h */,
				454987CD18DB2B9100CFC545 /* NCMessagesTableViewController.h */,
				454987CE18DB2B9100CFC545 /* NCMessagesTableViewController.m */,
				454987CF18DB2B9100CFC545 /* NCMessagesTableViewController.xib */,
				45AB9F9818E1DC5100F7CA64 /* NCLoginViewController.h */,
				45AB9F9918E1DC5100F7CA64 /* NCLoginViewController.m */,
				45AB9F9A18E1DC5100F7CA64 /* NCLoginViewController.xib */,
				45B1077A18F34ED700FA7428 /* NCSignupViewController.h */,
				45B1077B18F34ED700FA7428 /* NCSignupViewController.m */,
				45B1077C18F34ED700FA7428 /* NCSignupViewController.xib */,
				450EB97C18F888A200E188DF /* NCComposeMessageViewController.h */,
				450EB97D18F888A200E188DF /* NCComposeMessageViewController.m */,
				450EB97E18F888A200E188DF /* NCComposeMessageViewController.xib */,
				4510F0CB19104AFC00F8828D /* NCNoDataViewController.h */,
				4510F0CC19104AFC00F8828D /* NCNoDataViewController.m */,
				4510F0CF19104BA000F8828D /* NCNoDataViewController.xib */,
			);
			path = ViewControllers;
			sourceTree = "<group>";
		};
		4558D19718EC999D0043418E /* Extensions */ = {
			isa = PBXGroup;
			children = (
				4558D19818EC99D30043418E /* MBProgressHUD+Spec.h */,
				4558D19918EC99D30043418E /* MBProgressHUD+Spec.m */,
				4558D19D18ECB3B70043418E /* UIAlertView+Spec.h */,
				4558D19E18ECB3B70043418E /* UIAlertView+Spec.m */,
				450EB98518FC408B00E188DF /* NCWebService+Spec.h */,
				450EB98618FC408B00E188DF /* NCWebService+Spec.m */,
				45D751831901D44C00D3D763 /* NoChat+Spec.m */,
			);
			path = Extensions;
			sourceTree = "<group>";
		};
		45AB9F7818E0893500F7CA64 /* Interfaces */ = {
			isa = PBXGroup;
			children = (
				45AB9F8718E0BB3B00F7CA64 /* NCWebService.h */,
				45AB9F8818E0BB3B00F7CA64 /* NCWebService.m */,
				4506777819119BC100059926 /* NCAnalytics.h */,
				4506777919119BC100059926 /* NCAnalytics.m */,
			);
			path = Interfaces;
			sourceTree = "<group>";
		};
		45AB9F7918E089CD00F7CA64 /* Models */ = {
			isa = PBXGroup;
			children = (
				45AB9F7A18E08A1E00F7CA64 /* NCCurrentUser.h */,
				45AB9F7B18E08A1E00F7CA64 /* NCCurrentUser.m */,
				4558D19018EB64670043418E /* NCMessage.h */,
				4558D19118EB64670043418E /* NCMessage.m */,
				45D7519B190816B800D3D763 /* NCMessagesCollection.h */,
				45D7519C190816B800D3D763 /* NCMessagesCollection.m */,
			);
			path = Models;
			sourceTree = "<group>";
		};
		45AB9F8B18E0BB7D00F7CA64 /* Interfaces */ = {
			isa = PBXGroup;
			children = (
				45AB9F8C18E0BB9600F7CA64 /* NCWebServiceSpec.mm */,
			);
			path = Interfaces;
			sourceTree = "<group>";
		};
		45AB9F9518E0DC0E00F7CA64 /* Fixtures */ = {
			isa = PBXGroup;
			children = (
				45AB9F9618E0DC0E00F7CA64 /* get_fetch_user_response_200.json */,
				4546EEE319085A3B000C6A2C /* get_fetch_messages_response_200.json */,
			);
			path = Fixtures;
			sourceTree = "<group>";
		};
		45AB9F9F18E1E06600F7CA64 /* ViewControllers */ = {
			isa = PBXGroup;
			children = (
				45AB9FA018E1E0C300F7CA64 /* NCLoginViewControllerSpec.mm */,
				45B1078118F34EFE00FA7428 /* NCSignupViewControllerSpec.mm */,
				450EB97A18F8833600E188DF /* NCMessagesTableViewControllerSpec.mm */,
				450EB98218FC216000E188DF /* NCComposeMessageViewControllerSpec.mm */,
				4510F0D41910530D00F8828D /* NCNoDataViewControllerSpec.mm */,
			);
			path = ViewControllers;
			sourceTree = "<group>";
		};
		45D7518D190710DE00D3D763 /* Views */ = {
			isa = PBXGroup;
			children = (
				45D7518E1907112400D3D763 /* NCMessageTableViewCell.h */,
				45D7518F1907112400D3D763 /* NCMessageTableViewCell.m */,
				45D751901907112400D3D763 /* NCMessageTableViewCell.xib */,
			);
			path = Views;
			sourceTree = "<group>";
		};
		45D75198190715DA00D3D763 /* Views */ = {
			isa = PBXGroup;
			children = (
				45D75199190715DA00D3D763 /* NCMessageTableViewCellSpec.mm */,
			);
			path = Views;
			sourceTree = "<group>";
		};
		45EB035418DCED2B0012A621 /* UISpecs */ = {
			isa = PBXGroup;
			children = (
				4558D19718EC999D0043418E /* Extensions */,
				45D75198190715DA00D3D763 /* Views */,
				45AB9F9F18E1E06600F7CA64 /* ViewControllers */,
				45EB035E18DCED2B0012A621 /* Cedar-iOS.framework */,
				45EB035518DCED2B0012A621 /* Supporting Files */,
				45AB9F7418E0776400F7CA64 /* NCAppDelegateSpec.mm */,
				45CD5B0418FDC495000A8CA0 /* NoChatSpec.mm */,
			);
			path = UISpecs;
			sourceTree = "<group>";
		};
		45EB035518DCED2B0012A621 /* Supporting Files */ = {
			isa = PBXGroup;
			children = (
				45EB035618DCED2B0012A621 /* UISpecs-Info.plist */,
				45EB035718DCED2B0012A621 /* InfoPlist.strings */,
				45EB035A18DCED2B0012A621 /* main.m */,
				45EB035C18DCED2B0012A621 /* UISpecs-Prefix.pch */,
			);
			name = "Supporting Files";
			sourceTree = "<group>";
		};
		45F1387E18DB3B6300D09454 /* Specs */ = {
			isa = PBXGroup;
			children = (
				45AB9F9518E0DC0E00F7CA64 /* Fixtures */,
				45AB9F8B18E0BB7D00F7CA64 /* Interfaces */,
				45F1388A18DB3B9700D09454 /* Models */,
				4506777D19119D6300059926 /* Fakes */,
				45F1388318DB3B6300D09454 /* main.m */,
				45F1388018DB3B6300D09454 /* Supporting Files */,
				45AB9F9218E0D62300F7CA64 /* NoChatSpec.mm */,
				45AB9FA418E4756E00F7CA64 /* NCSpecHelper.mm */,
				45D7517E1901C32400D3D763 /* NCSpecHelper.h */,
			);
			path = Specs;
			sourceTree = "<group>";
		};
		45F1388018DB3B6300D09454 /* Supporting Files */ = {
			isa = PBXGroup;
			children = (
				45F1388118DB3B6300D09454 /* Specs-Prefix.pch */,
			);
			name = "Supporting Files";
			sourceTree = "<group>";
		};
		45F1388A18DB3B9700D09454 /* Models */ = {
			isa = PBXGroup;
			children = (
				45AB9F7E18E08A4E00F7CA64 /* NCCurrentUserSpec.mm */,
				4558D19418EB655B0043418E /* NCMessageSpec.mm */,
				45D7519F190816DE00D3D763 /* NCMessagesCollectionSpec.mm */,
			);
			path = Models;
			sourceTree = "<group>";
		};
/* End PBXGroup section */

/* Begin PBXNativeTarget section */
		4549879818DA3DC300CFC545 /* NoChat */ = {
			isa = PBXNativeTarget;
			buildConfigurationList = 454987C518DA3DC300CFC545 /* Build configuration list for PBXNativeTarget "NoChat" */;
			buildPhases = (
				1FC42A0C48D54986BB5E9BCE /* Check Pods Manifest.lock */,
				4549879518DA3DC300CFC545 /* Sources */,
				4549879618DA3DC300CFC545 /* Frameworks */,
				4549879718DA3DC300CFC545 /* Resources */,
				DFD063D45E91441689A3C10C /* Copy Pods Resources */,
			);
			buildRules = (
			);
			dependencies = (
			);
			name = NoChat;
			productName = NoChat;
			productReference = 4549879918DA3DC300CFC545 /* NoChat.app */;
			productType = "com.apple.product-type.application";
		};
		45EB034F18DCED2B0012A621 /* UISpecs */ = {
			isa = PBXNativeTarget;
			buildConfigurationList = 45EB036418DCED2B0012A621 /* Build configuration list for PBXNativeTarget "UISpecs" */;
			buildPhases = (
				DD8E72022B3B46DA8A7BBC1C /* Check Pods Manifest.lock */,
				45EB034C18DCED2B0012A621 /* Sources */,
				45EB034D18DCED2B0012A621 /* Frameworks */,
				45EB034E18DCED2B0012A621 /* Resources */,
				697714693A4F4CCFAE6D24BE /* Copy Pods Resources */,
			);
			buildRules = (
			);
			dependencies = (
			);
			name = UISpecs;
			productName = UISpecs;
			productReference = 45EB035018DCED2B0012A621 /* UISpecs.app */;
			productType = "com.apple.product-type.application";
		};
		45F1387B18DB3B6300D09454 /* Specs */ = {
			isa = PBXNativeTarget;
			buildConfigurationList = 45F1388918DB3B6300D09454 /* Build configuration list for PBXNativeTarget "Specs" */;
			buildPhases = (
				3F617992C4F141E4861165E2 /* Check Pods Manifest.lock */,
				45F1387918DB3B6300D09454 /* Sources */,
				45F1387A18DB3B6300D09454 /* Frameworks */,
				D9640C6C5EA74492A9DC6035 /* Copy Pods Resources */,
			);
			buildRules = (
			);
			dependencies = (
			);
			name = Specs;
			productName = Specs;
			productReference = 45F1387C18DB3B6300D09454 /* Specs */;
			productType = "com.apple.product-type.tool";
		};
/* End PBXNativeTarget section */

/* Begin PBXProject section */
		4549879118DA3DC300CFC545 /* Project object */ = {
			isa = PBXProject;
			attributes = {
				CLASSPREFIX = NC;
				LastUpgradeCheck = 0510;
				ORGANIZATIONNAME = Orchard;
				TargetAttributes = {
					4549879818DA3DC300CFC545 = {
						DevelopmentTeam = N24W28B485;
					};
				};
			};
			buildConfigurationList = 4549879418DA3DC300CFC545 /* Build configuration list for PBXProject "NoChat" */;
			compatibilityVersion = "Xcode 3.2";
			developmentRegion = English;
			hasScannedForEncodings = 0;
			knownRegions = (
				en,
			);
			mainGroup = 4549879018DA3DC300CFC545;
			productRefGroup = 4549879A18DA3DC300CFC545 /* Products */;
			projectDirPath = "";
			projectRoot = "";
			targets = (
				4549879818DA3DC300CFC545 /* NoChat */,
				45F1387B18DB3B6300D09454 /* Specs */,
				45EB034F18DCED2B0012A621 /* UISpecs */,
			);
		};
/* End PBXProject section */

/* Begin PBXResourcesBuildPhase section */
		4549879718DA3DC300CFC545 /* Resources */ = {
			isa = PBXResourcesBuildPhase;
			buildActionMask = 2147483647;
			files = (
				450EB98018F888A200E188DF /* NCComposeMessageViewController.xib in Resources */,
				45D751931907112400D3D763 /* NCMessageTableViewCell.xib in Resources */,
				4510F0D019104BA000F8828D /* NCNoDataViewController.xib in Resources */,
				454987A718DA3DC300CFC545 /* InfoPlist.strings in Resources */,
				454987AF18DA3DC300CFC545 /* Images.xcassets in Resources */,
				454987D118DB2B9100CFC545 /* NCMessagesTableViewController.xib in Resources */,
				45AB9F9C18E1DC5100F7CA64 /* NCLoginViewController.xib in Resources */,
				45B1077F18F34ED700FA7428 /* NCSignupViewController.xib in Resources */,
			);
			runOnlyForDeploymentPostprocessing = 0;
		};
		45EB034E18DCED2B0012A621 /* Resources */ = {
			isa = PBXResourcesBuildPhase;
			buildActionMask = 2147483647;
			files = (
				45EB035918DCED2B0012A621 /* InfoPlist.strings in Resources */,
				450EB98418FC282C00E188DF /* NCComposeMessageViewController.xib in Resources */,
				45D751941907112400D3D763 /* NCMessageTableViewCell.xib in Resources */,
				45B1078018F34ED700FA7428 /* NCSignupViewController.xib in Resources */,
				45AB9F9D18E1DC5800F7CA64 /* NCLoginViewController.xib in Resources */,
				4558D19C18ECA42C0043418E /* Default-568h@2x.png in Resources */,
				4510F0D119104BA000F8828D /* NCNoDataViewController.xib in Resources */,
			);
			runOnlyForDeploymentPostprocessing = 0;
		};
/* End PBXResourcesBuildPhase section */

/* Begin PBXShellScriptBuildPhase section */
		1FC42A0C48D54986BB5E9BCE /* Check Pods Manifest.lock */ = {
			isa = PBXShellScriptBuildPhase;
			buildActionMask = 2147483647;
			files = (
			);
			inputPaths = (
			);
			name = "Check Pods Manifest.lock";
			outputPaths = (
			);
			runOnlyForDeploymentPostprocessing = 0;
			shellPath = /bin/sh;
			shellScript = "diff \"${PODS_ROOT}/../Podfile.lock\" \"${PODS_ROOT}/Manifest.lock\" > /dev/null\nif [[ $? != 0 ]] ; then\n    cat << EOM\nerror: The sandbox is not in sync with the Podfile.lock. Run 'pod install' or update your CocoaPods installation.\nEOM\n    exit 1\nfi\n";
			showEnvVarsInLog = 0;
		};
		3F617992C4F141E4861165E2 /* Check Pods Manifest.lock */ = {
			isa = PBXShellScriptBuildPhase;
			buildActionMask = 2147483647;
			files = (
			);
			inputPaths = (
			);
			name = "Check Pods Manifest.lock";
			outputPaths = (
			);
			runOnlyForDeploymentPostprocessing = 0;
			shellPath = /bin/sh;
			shellScript = "diff \"${PODS_ROOT}/../Podfile.lock\" \"${PODS_ROOT}/Manifest.lock\" > /dev/null\nif [[ $? != 0 ]] ; then\n    cat << EOM\nerror: The sandbox is not in sync with the Podfile.lock. Run 'pod install' or update your CocoaPods installation.\nEOM\n    exit 1\nfi\n";
			showEnvVarsInLog = 0;
		};
		697714693A4F4CCFAE6D24BE /* Copy Pods Resources */ = {
			isa = PBXShellScriptBuildPhase;
			buildActionMask = 2147483647;
			files = (
			);
			inputPaths = (
			);
			name = "Copy Pods Resources";
			outputPaths = (
			);
			runOnlyForDeploymentPostprocessing = 0;
			shellPath = /bin/sh;
			shellScript = "\"${SRCROOT}/Pods/Pods-UISpecs-resources.sh\"\n";
			showEnvVarsInLog = 0;
		};
		D9640C6C5EA74492A9DC6035 /* Copy Pods Resources */ = {
			isa = PBXShellScriptBuildPhase;
			buildActionMask = 2147483647;
			files = (
			);
			inputPaths = (
			);
			name = "Copy Pods Resources";
			outputPaths = (
			);
			runOnlyForDeploymentPostprocessing = 0;
			shellPath = /bin/sh;
			shellScript = "\"${SRCROOT}/Pods/Pods-Specs-resources.sh\"\n";
			showEnvVarsInLog = 0;
		};
		DD8E72022B3B46DA8A7BBC1C /* Check Pods Manifest.lock */ = {
			isa = PBXShellScriptBuildPhase;
			buildActionMask = 2147483647;
			files = (
			);
			inputPaths = (
			);
			name = "Check Pods Manifest.lock";
			outputPaths = (
			);
			runOnlyForDeploymentPostprocessing = 0;
			shellPath = /bin/sh;
			shellScript = "diff \"${PODS_ROOT}/../Podfile.lock\" \"${PODS_ROOT}/Manifest.lock\" > /dev/null\nif [[ $? != 0 ]] ; then\n    cat << EOM\nerror: The sandbox is not in sync with the Podfile.lock. Run 'pod install' or update your CocoaPods installation.\nEOM\n    exit 1\nfi\n";
			showEnvVarsInLog = 0;
		};
		DFD063D45E91441689A3C10C /* Copy Pods Resources */ = {
			isa = PBXShellScriptBuildPhase;
			buildActionMask = 2147483647;
			files = (
			);
			inputPaths = (
			);
			name = "Copy Pods Resources";
			outputPaths = (
			);
			runOnlyForDeploymentPostprocessing = 0;
			shellPath = /bin/sh;
			shellScript = "\"${SRCROOT}/Pods/Pods-resources.sh\"\n";
			showEnvVarsInLog = 0;
		};
/* End PBXShellScriptBuildPhase section */

/* Begin PBXSourcesBuildPhase section */
		4549879518DA3DC300CFC545 /* Sources */ = {
			isa = PBXSourcesBuildPhase;
			buildActionMask = 2147483647;
			files = (
				45D751911907112400D3D763 /* NCMessageTableViewCell.m in Sources */,
				4506777A19119BC100059926 /* NCAnalytics.m in Sources */,
				450EB97F18F888A200E188DF /* NCComposeMessageViewController.m in Sources */,
				45AB9F8918E0BB3B00F7CA64 /* NCWebService.m in Sources */,
				454987D018DB2B9100CFC545 /* NCMessagesTableViewController.m in Sources */,
				454987A918DA3DC300CFC545 /* main.m in Sources */,
				45AB9F9B18E1DC5100F7CA64 /* NCLoginViewController.m in Sources */,
				4558D19218EB64670043418E /* NCMessage.m in Sources */,
				45D751881901D87700D3D763 /* NoChat+App.m in Sources */,
				454987AD18DA3DC300CFC545 /* NCAppDelegate.m in Sources */,
				45AB9F9018E0D27400F7CA64 /* NoChat.m in Sources */,
				45AB9F7C18E08A1E00F7CA64 /* NCCurrentUser.m in Sources */,
				45D7519D190816B800D3D763 /* NCMessagesCollection.m in Sources */,
				4510F0CD19104AFC00F8828D /* NCNoDataViewController.m in Sources */,
				45B1077D18F34ED700FA7428 /* NCSignupViewController.m in Sources */,
			);
			runOnlyForDeploymentPostprocessing = 0;
		};
		45EB034C18DCED2B0012A621 /* Sources */ = {
			isa = PBXSourcesBuildPhase;
			buildActionMask = 2147483647;
			files = (
				45B1078218F34EFE00FA7428 /* NCSignupViewControllerSpec.mm in Sources */,
				4558D19F18ECB3B70043418E /* UIAlertView+Spec.m in Sources */,
				4558D19A18EC99D30043418E /* MBProgressHUD+Spec.m in Sources */,
				45D751851901D68500D3D763 /* NoChatSpec.mm in Sources */,
				45AB9F7518E0776400F7CA64 /* NCAppDelegateSpec.mm in Sources */,
				450EB97B18F8833600E188DF /* NCMessagesTableViewControllerSpec.mm in Sources */,
				4546EEE4190865A3000C6A2C /* NCMessagesCollection.m in Sources */,
				450EB98318FC216000E188DF /* NCComposeMessageViewControllerSpec.mm in Sources */,
				45AB9FA118E1E0C300F7CA64 /* NCLoginViewControllerSpec.mm in Sources */,
				45AB9F9118E0D54400F7CA64 /* NoChat.m in Sources */,
				45AB9FA218E1E11800F7CA64 /* NCLoginViewController.m in Sources */,
				45AB9FA318E32A5900F7CA64 /* NCCurrentUser.m in Sources */,
				4506778419119EF300059926 /* NCAnalytics.m in Sources */,
				45B1077E18F34ED700FA7428 /* NCSignupViewController.m in Sources */,
				45D7519A190715DA00D3D763 /* NCMessageTableViewCellSpec.mm in Sources */,
				45D751921907112400D3D763 /* NCMessageTableViewCell.m in Sources */,
				45D751841901D44C00D3D763 /* NoChat+Spec.m in Sources */,
				45EB035B18DCED2B0012A621 /* main.m in Sources */,
				4510F0D51910530D00F8828D /* NCNoDataViewControllerSpec.mm in Sources */,
				45AB9F9718E0E2D800F7CA64 /* NCWebService.m in Sources */,
				450EB98118F888A800E188DF /* NCComposeMessageViewController.m in Sources */,
				450EB98718FC408B00E188DF /* NCWebService+Spec.m in Sources */,
				4510F0CE19104AFC00F8828D /* NCNoDataViewController.m in Sources */,
				45D751811901D1F900D3D763 /* NCSpecHelper.mm in Sources */,
				45AB9F7718E07B4300F7CA64 /* NCMessagesTableViewController.m in Sources */,
				4558D19618EC570C0043418E /* NCMessage.m in Sources */,
				45AB9F7618E079D300F7CA64 /* NCAppDelegate.m in Sources */,
			);
			runOnlyForDeploymentPostprocessing = 0;
		};
		45F1387918DB3B6300D09454 /* Sources */ = {
			isa = PBXSourcesBuildPhase;
			buildActionMask = 2147483647;
			files = (
				45AB9F7F18E08A4E00F7CA64 /* NCCurrentUserSpec.mm in Sources */,
				45F1388418DB3B6300D09454 /* main.m in Sources */,
				45AB9F8D18E0BB9600F7CA64 /* NCWebServiceSpec.mm in Sources */,
				45AB9F9318E0D62300F7CA64 /* NoChatSpec.mm in Sources */,
				45D751A0190816DE00D3D763 /* NCMessagesCollectionSpec.mm in Sources */,
				4558D19318EB64800043418E /* NCMessage.m in Sources */,
				4558D19518EB655B0043418E /* NCMessageSpec.mm in Sources */,
				45D7519E190816B800D3D763 /* NCMessagesCollection.m in Sources */,
				45AB9F8A18E0BB3B00F7CA64 /* NCWebService.m in Sources */,
				45AB9FA518E4756E00F7CA64 /* NCSpecHelper.mm in Sources */,
				45AB9F7D18E08A1E00F7CA64 /* NCCurrentUser.m in Sources */,
				45D7518C19059D8600D3D763 /* NoChat+Spec.m in Sources */,
				45AB9F9418E0D83F00F7CA64 /* NoChat.m in Sources */,
				4506778319119EF300059926 /* NCAnalytics.m in Sources */,
			);
			runOnlyForDeploymentPostprocessing = 0;
		};
/* End PBXSourcesBuildPhase section */

/* Begin PBXVariantGroup section */
		454987A518DA3DC300CFC545 /* InfoPlist.strings */ = {
			isa = PBXVariantGroup;
			children = (
				454987A618DA3DC300CFC545 /* en */,
			);
			name = InfoPlist.strings;
			sourceTree = "<group>";
		};
		45EB035718DCED2B0012A621 /* InfoPlist.strings */ = {
			isa = PBXVariantGroup;
			children = (
				45EB035818DCED2B0012A621 /* en */,
			);
			name = InfoPlist.strings;
			sourceTree = "<group>";
		};
/* End PBXVariantGroup section */

/* Begin XCBuildConfiguration section */
		454987C318DA3DC300CFC545 /* Debug */ = {
			isa = XCBuildConfiguration;
			buildSettings = {
				ALWAYS_SEARCH_USER_PATHS = NO;
				CLANG_CXX_LANGUAGE_STANDARD = "gnu++0x";
				CLANG_CXX_LIBRARY = "libc++";
				CLANG_ENABLE_MODULES = YES;
				CLANG_ENABLE_OBJC_ARC = YES;
				CLANG_WARN_BOOL_CONVERSION = YES;
				CLANG_WARN_CONSTANT_CONVERSION = YES;
				CLANG_WARN_DIRECT_OBJC_ISA_USAGE = YES_ERROR;
				CLANG_WARN_EMPTY_BODY = YES;
				CLANG_WARN_ENUM_CONVERSION = YES;
				CLANG_WARN_INT_CONVERSION = YES;
				CLANG_WARN_OBJC_ROOT_CLASS = YES_ERROR;
				CLANG_WARN__DUPLICATE_METHOD_MATCH = YES;
				"CODE_SIGN_IDENTITY[sdk=iphoneos*]" = "iPhone Developer";
				COPY_PHASE_STRIP = NO;
				GCC_C_LANGUAGE_STANDARD = gnu99;
				GCC_DYNAMIC_NO_PIC = NO;
				GCC_OPTIMIZATION_LEVEL = 0;
				GCC_PREPROCESSOR_DEFINITIONS = (
					"DEBUG=1",
					"$(inherited)",
				);
				GCC_SYMBOLS_PRIVATE_EXTERN = NO;
				GCC_WARN_64_TO_32_BIT_CONVERSION = YES;
				GCC_WARN_ABOUT_RETURN_TYPE = YES_ERROR;
				GCC_WARN_UNDECLARED_SELECTOR = YES;
				GCC_WARN_UNINITIALIZED_AUTOS = YES_AGGRESSIVE;
				GCC_WARN_UNUSED_FUNCTION = YES;
				GCC_WARN_UNUSED_VARIABLE = YES;
				IPHONEOS_DEPLOYMENT_TARGET = 7.1;
				ONLY_ACTIVE_ARCH = YES;
				SDKROOT = iphoneos;
			};
			name = Debug;
		};
		454987C418DA3DC300CFC545 /* Release */ = {
			isa = XCBuildConfiguration;
			buildSettings = {
				ALWAYS_SEARCH_USER_PATHS = NO;
				CLANG_CXX_LANGUAGE_STANDARD = "gnu++0x";
				CLANG_CXX_LIBRARY = "libc++";
				CLANG_ENABLE_MODULES = YES;
				CLANG_ENABLE_OBJC_ARC = YES;
				CLANG_WARN_BOOL_CONVERSION = YES;
				CLANG_WARN_CONSTANT_CONVERSION = YES;
				CLANG_WARN_DIRECT_OBJC_ISA_USAGE = YES_ERROR;
				CLANG_WARN_EMPTY_BODY = YES;
				CLANG_WARN_ENUM_CONVERSION = YES;
				CLANG_WARN_INT_CONVERSION = YES;
				CLANG_WARN_OBJC_ROOT_CLASS = YES_ERROR;
				CLANG_WARN__DUPLICATE_METHOD_MATCH = YES;
				"CODE_SIGN_IDENTITY[sdk=iphoneos*]" = "iPhone Developer";
				COPY_PHASE_STRIP = YES;
				ENABLE_NS_ASSERTIONS = NO;
				GCC_C_LANGUAGE_STANDARD = gnu99;
				GCC_WARN_64_TO_32_BIT_CONVERSION = YES;
				GCC_WARN_ABOUT_RETURN_TYPE = YES_ERROR;
				GCC_WARN_UNDECLARED_SELECTOR = YES;
				GCC_WARN_UNINITIALIZED_AUTOS = YES_AGGRESSIVE;
				GCC_WARN_UNUSED_FUNCTION = YES;
				GCC_WARN_UNUSED_VARIABLE = YES;
				IPHONEOS_DEPLOYMENT_TARGET = 7.1;
				SDKROOT = iphoneos;
				VALIDATE_PRODUCT = YES;
			};
			name = Release;
		};
		454987C618DA3DC300CFC545 /* Debug */ = {
			isa = XCBuildConfiguration;
			baseConfigurationReference = 251904D607D44566942FBE20 /* Pods.xcconfig */;
			buildSettings = {
				ASSETCATALOG_COMPILER_APPICON_NAME = AppIcon;
				ASSETCATALOG_COMPILER_LAUNCHIMAGE_NAME = LaunchImage;
				CODE_SIGN_IDENTITY = "iPhone Developer";
				CURRENT_PROJECT_VERSION = 21;
				GCC_PRECOMPILE_PREFIX_HEADER = YES;
				GCC_PREFIX_HEADER = "NoChat/NoChat-Prefix.pch";
				GCC_TREAT_WARNINGS_AS_ERRORS = YES;
				INFOPLIST_FILE = "NoChat/NoChat-Info.plist";
				IPHONEOS_DEPLOYMENT_TARGET = 7.0;
				PRODUCT_NAME = "$(TARGET_NAME)";
				VERSIONING_SYSTEM = "apple-generic";
				WRAPPER_EXTENSION = app;
			};
			name = Debug;
		};
		454987C718DA3DC300CFC545 /* Release */ = {
			isa = XCBuildConfiguration;
			baseConfigurationReference = 251904D607D44566942FBE20 /* Pods.xcconfig */;
			buildSettings = {
				ASSETCATALOG_COMPILER_APPICON_NAME = AppIcon;
				ASSETCATALOG_COMPILER_LAUNCHIMAGE_NAME = LaunchImage;
				CODE_SIGN_IDENTITY = "iPhone Developer";
				CURRENT_PROJECT_VERSION = 21;
				GCC_PRECOMPILE_PREFIX_HEADER = YES;
				GCC_PREFIX_HEADER = "NoChat/NoChat-Prefix.pch";
				GCC_TREAT_WARNINGS_AS_ERRORS = YES;
				INFOPLIST_FILE = "NoChat/NoChat-Info.plist";
				IPHONEOS_DEPLOYMENT_TARGET = 7.0;
				PRODUCT_NAME = "$(TARGET_NAME)";
				VERSIONING_SYSTEM = "apple-generic";
				WRAPPER_EXTENSION = app;
			};
			name = Release;
		};
		45EB036218DCED2B0012A621 /* Debug */ = {
			isa = XCBuildConfiguration;
			baseConfigurationReference = 426D41A41B3541E19DC67647 /* Pods-UISpecs.xcconfig */;
			buildSettings = {
				"CODE_SIGN_IDENTITY[sdk=iphoneos*]" = "iPhone Developer";
				FRAMEWORK_SEARCH_PATHS = "$(inherited)";
				GCC_PRECOMPILE_PREFIX_HEADER = YES;
				GCC_PREFIX_HEADER = "UISpecs/UISpecs-Prefix.pch";
				GCC_PREPROCESSOR_DEFINITIONS = (
					"DEBUG=1",
					"$(inherited)",
					"FIXTURES_DIR=@\\\"$(PROJECT_DIR)/Specs/Fixtures\\\"",
				);
				GCC_TREAT_WARNINGS_AS_ERRORS = YES;
				INFOPLIST_FILE = "UISpecs/UISpecs-Info.plist";
				IPHONEOS_DEPLOYMENT_TARGET = 7.0;
				OTHER_LDFLAGS = (
					"$(inherited)",
					"-ObjC",
					"-all_load",
					"-lstdc++",
				);
				PRODUCT_NAME = "$(TARGET_NAME)";
				WRAPPER_EXTENSION = app;
			};
			name = Debug;
		};
		45EB036318DCED2B0012A621 /* Release */ = {
			isa = XCBuildConfiguration;
			baseConfigurationReference = 426D41A41B3541E19DC67647 /* Pods-UISpecs.xcconfig */;
			buildSettings = {
				"CODE_SIGN_IDENTITY[sdk=iphoneos*]" = "iPhone Developer";
				FRAMEWORK_SEARCH_PATHS = "$(inherited)";
				GCC_PRECOMPILE_PREFIX_HEADER = YES;
				GCC_PREFIX_HEADER = "UISpecs/UISpecs-Prefix.pch";
				GCC_PREPROCESSOR_DEFINITIONS = (
					"$(inherited)",
					"COCOAPODS=1",
					"FIXTURES_DIR=@\\\"$(PROJECT_DIR)/Specs/Fixtures\\\"",
				);
				GCC_TREAT_WARNINGS_AS_ERRORS = YES;
				INFOPLIST_FILE = "UISpecs/UISpecs-Info.plist";
				IPHONEOS_DEPLOYMENT_TARGET = 7.0;
				OTHER_CFLAGS = (
					"-DNS_BLOCK_ASSERTIONS=1",
					"$(inherited)",
				);
				OTHER_LDFLAGS = (
					"$(inherited)",
					"-ObjC",
					"-all_load",
					"-lstdc++",
				);
				PRODUCT_NAME = "$(TARGET_NAME)";
				WRAPPER_EXTENSION = app;
			};
			name = Release;
		};
		45F1388718DB3B6300D09454 /* Debug */ = {
			isa = XCBuildConfiguration;
			baseConfigurationReference = D3E210AA640F4DCC831758A6 /* Pods-Specs.xcconfig */;
			buildSettings = {
				CONFIGURATION_BUILD_DIR = "$(BUILD_DIR)/$(CONFIGURATION)$(EFFECTIVE_PLATFORM_NAME)/";
				GCC_ENABLE_OBJC_EXCEPTIONS = YES;
				GCC_PRECOMPILE_PREFIX_HEADER = YES;
				GCC_PREFIX_HEADER = "Specs/Specs-Prefix.pch";
				GCC_PREPROCESSOR_DEFINITIONS = (
					"DEBUG=1",
					"$(inherited)",
					"FIXTURES_DIR=@\\\"$(PROJECT_DIR)/Specs/Fixtures\\\"",
				);
				GCC_TREAT_WARNINGS_AS_ERRORS = YES;
				MACOSX_DEPLOYMENT_TARGET = 10.9;
				OTHER_LDFLAGS = (
					"-ObjC",
					"-framework",
					CoreServices,
					"-framework",
					Security,
					"-framework",
					SystemConfiguration,
					"-all_load",
				);
				PRODUCT_NAME = "$(TARGET_NAME)";
				SDKROOT = macosx;
			};
			name = Debug;
		};
		45F1388818DB3B6300D09454 /* Release */ = {
			isa = XCBuildConfiguration;
			baseConfigurationReference = D3E210AA640F4DCC831758A6 /* Pods-Specs.xcconfig */;
			buildSettings = {
				DEBUG_INFORMATION_FORMAT = "dwarf-with-dsym";
				GCC_ENABLE_OBJC_EXCEPTIONS = YES;
				GCC_PRECOMPILE_PREFIX_HEADER = YES;
				GCC_PREFIX_HEADER = "Specs/Specs-Prefix.pch";
				GCC_PREPROCESSOR_DEFINITIONS = (
					"$(inherited)",
					"COCOAPODS=1",
					"FIXTURES_DIR=@\\\"$(PROJECT_DIR)/Specs/Fixtures\\\"",
				);
				GCC_TREAT_WARNINGS_AS_ERRORS = YES;
				MACOSX_DEPLOYMENT_TARGET = 10.9;
				OTHER_LDFLAGS = (
					"-ObjC",
					"-framework",
					CoreServices,
					"-framework",
					Security,
					"-framework",
					SystemConfiguration,
					"-all_load",
				);
				PRODUCT_NAME = "$(TARGET_NAME)";
				SDKROOT = macosx;
			};
			name = Release;
		};
/* End XCBuildConfiguration section */

/* Begin XCConfigurationList section */
		4549879418DA3DC300CFC545 /* Build configuration list for PBXProject "NoChat" */ = {
			isa = XCConfigurationList;
			buildConfigurations = (
				454987C318DA3DC300CFC545 /* Debug */,
				454987C418DA3DC300CFC545 /* Release */,
			);
			defaultConfigurationIsVisible = 0;
			defaultConfigurationName = Release;
		};
		454987C518DA3DC300CFC545 /* Build configuration list for PBXNativeTarget "NoChat" */ = {
			isa = XCConfigurationList;
			buildConfigurations = (
				454987C618DA3DC300CFC545 /* Debug */,
				454987C718DA3DC300CFC545 /* Release */,
			);
			defaultConfigurationIsVisible = 0;
			defaultConfigurationName = Release;
		};
		45EB036418DCED2B0012A621 /* Build configuration list for PBXNativeTarget "UISpecs" */ = {
			isa = XCConfigurationList;
			buildConfigurations = (
				45EB036218DCED2B0012A621 /* Debug */,
				45EB036318DCED2B0012A621 /* Release */,
			);
			defaultConfigurationIsVisible = 0;
			defaultConfigurationName = Release;
		};
		45F1388918DB3B6300D09454 /* Build configuration list for PBXNativeTarget "Specs" */ = {
			isa = XCConfigurationList;
			buildConfigurations = (
				45F1388718DB3B6300D09454 /* Debug */,
				45F1388818DB3B6300D09454 /* Release */,
			);
			defaultConfigurationIsVisible = 0;
			defaultConfigurationName = Release;
		};
/* End XCConfigurationList section */
	};
	rootObject = 4549879118DA3DC300CFC545 /* Project object */;
}
